# THIS IS AN AUTOGENERATED FILE. DO NOT EDIT THIS FILE DIRECTLY.
# yarn lockfile v1


"@babel/runtime@^7.7.6":
  version "7.29.2"
  resolved "https://registry.yarnpkg.com/@babel/runtime/-/runtime-7.29.2.tgz#9a6e2d05f4b6692e1801cd4fb176ad823930ed5e"
  integrity sha512-JiDShH45zKHWyGe4ZNVRrCjBz8Nh9TMmZG1kh4QTK8hCBTWBi8Da+i7s1fJw7/lYpM4ccepSNfqzZ/QvABBi5g==

"@esbuild/aix-ppc64@0.27.4":
  version "0.27.4"
  resolved "https://registry.yarnpkg.com/@esbuild/aix-ppc64/-/aix-ppc64-0.27.4.tgz#4c585002f7ad694d38fe0e8cbf5cfd939ccff327"
  integrity sha512-cQPwL2mp2nSmHHJlCyoXgHGhbEPMrEEU5xhkcy3Hs/O7nGZqEpZ2sUtLaL9MORLtDfRvVl2/3PAuEkYZH0Ty8Q==

"@esbuild/android-arm64@0.27.4":
  version "0.27.4"
  resolved "https://registry.yarnpkg.com/@esbuild/android-arm64/-/android-arm64-0.27.4.tgz#7625d0952c3b402d3ede203a16c9f2b78f8a4827"
  integrity sha512-gdLscB7v75wRfu7QSm/zg6Rx29VLdy9eTr2t44sfTW7CxwAtQghZ4ZnqHk3/ogz7xao0QAgrkradbBzcqFPasw==

"@esbuild/android-arm@0.27.4":
  version "0.27.4"
  resolved "https://registry.yarnpkg.com/@esbuild/android-arm/-/android-arm-0.27.4.tgz#9a0cf1d12997ec46dddfb32ce67e9bca842381ac"
  integrity sha512-X9bUgvxiC8CHAGKYufLIHGXPJWnr0OCdR0anD2e21vdvgCI8lIfqFbnoeOz7lBjdrAGUhqLZLcQo6MLhTO2DKQ==

"@esbuild/android-x64@0.27.4":
  version "0.27.4"
  resolved "https://registry.yarnpkg.com/@esbuild/android-x64/-/android-x64-0.27.4.tgz#06e1fdc6283fccd6bc6aadd6754afce6cf96f42e"
  integrity sha512-PzPFnBNVF292sfpfhiyiXCGSn9HZg5BcAz+ivBuSsl6Rk4ga1oEXAamhOXRFyMcjwr2DVtm40G65N3GLeH1Lvw==

"@esbuild/darwin-arm64@0.27.4":
  version "0.27.4"
  resolved "https://registry.yarnpkg.com/@esbuild/darwin-arm64/-/darwin-arm64-0.27.4.tgz#6c550ee6c0273bcb0fac244478ff727c26755d80"
  integrity sha512-b7xaGIwdJlht8ZFCvMkpDN6uiSmnxxK56N2GDTMYPr2/gzvfdQN8rTfBsvVKmIVY/X7EM+/hJKEIbbHs9oA4tQ==

"@esbuild/darwin-x64@0.27.4":
  version "0.27.4"
  resolved "https://registry.yarnpkg.com/@esbuild/darwin-x64/-/darwin-x64-0.27.4.tgz#ed7a125e9f25ce0091b9aff783ee943f6ba6cb86"
  integrity sha512-sR+OiKLwd15nmCdqpXMnuJ9W2kpy0KigzqScqHI3Hqwr7IXxBp3Yva+yJwoqh7rE8V77tdoheRYataNKL4QrPw==

"@esbuild/freebsd-arm64@0.27.4":
  version "0.27.4"
  resolved "https://registry.yarnpkg.com/@esbuild/freebsd-arm64/-/freebsd-arm64-0.27.4.tgz#597dc8e7161dba71db4c1656131c1f1e9d7660c6"
  integrity sha512-jnfpKe+p79tCnm4GVav68A7tUFeKQwQyLgESwEAUzyxk/TJr4QdGog9sqWNcUbr/bZt/O/HXouspuQDd9JxFSw==

"@esbuild/freebsd-x64@0.27.4":
  version "0.27.4"
  resolved "https://registry.yarnpkg.com/@esbuild/freebsd-x64/-/freebsd-x64-0.27.4.tgz#ea171f9f4f00efaa8e9d3fe8baa1b75d757d1b36"
  integrity sha512-2kb4ceA/CpfUrIcTUl1wrP/9ad9Atrp5J94Lq69w7UwOMolPIGrfLSvAKJp0RTvkPPyn6CIWrNy13kyLikZRZQ==

"@esbuild/linux-arm64@0.27.4":
  version "0.27.4"
  resolved "https://registry.yarnpkg.com/@esbuild/linux-arm64/-/linux-arm64-0.27.4.tgz#e52d57f202369386e6dbcb3370a17a0491ab1464"
  integrity sha512-7nQOttdzVGth1iz57kxg9uCz57dxQLHWxopL6mYuYthohPKEK0vU0C3O21CcBK6KDlkYVcnDXY099HcCDXd9dA==

"@esbuild/linux-arm@0.27.4":
  version "0.27.4"
  resolved "https://registry.yarnpkg.com/@esbuild/linux-arm/-/linux-arm-0.27.4.tgz#5e0c0b634908adbce0a02cebeba8b3acac263fb6"
  integrity sha512-aBYgcIxX/wd5n2ys0yESGeYMGF+pv6g0DhZr3G1ZG4jMfruU9Tl1i2Z+Wnj9/KjGz1lTLCcorqE2viePZqj4Eg==

"@esbuild/linux-ia32@0.27.4":
  version "0.27.4"
  resolved "https://registry.yarnpkg.com/@esbuild/linux-ia32/-/linux-ia32-0.27.4.tgz#5f90f01f131652473ec06b038a14c49683e14ec7"
  integrity sha512-oPtixtAIzgvzYcKBQM/qZ3R+9TEUd1aNJQu0HhGyqtx6oS7qTpvjheIWBbes4+qu1bNlo2V4cbkISr8q6gRBFA==

"@esbuild/linux-loong64@0.27.4":
  version "0.27.4"
  resolved "https://registry.yarnpkg.com/@esbuild/linux-loong64/-/linux-loong64-0.27.4.tgz#63bacffdb99574c9318f9afbd0dd4fff76a837e3"
  integrity sha512-8mL/vh8qeCoRcFH2nM8wm5uJP+ZcVYGGayMavi8GmRJjuI3g1v6Z7Ni0JJKAJW+m0EtUuARb6Lmp4hMjzCBWzA==

"@esbuild/linux-mips64el@0.27.4":
  version "0.27.4"
  resolved "https://registry.yarnpkg.com/@esbuild/linux-mips64el/-/linux-mips64el-0.27.4.tgz#c4b6952eca6a8efff67fee3671a3536c8e67b7eb"
  integrity sha512-1RdrWFFiiLIW7LQq9Q2NES+HiD4NyT8Itj9AUeCl0IVCA459WnPhREKgwrpaIfTOe+/2rdntisegiPWn/r/aAw==

"@esbuild/linux-ppc64@0.27.4":
  version "0.27.4"
  resolved "https://registry.yarnpkg.com/@esbuild/linux-ppc64/-/linux-ppc64-0.27.4.tgz#6dea67d3d98c6986f1b7769e4f1848e5ae47ad58"
  integrity sha512-tLCwNG47l3sd9lpfyx9LAGEGItCUeRCWeAx6x2Jmbav65nAwoPXfewtAdtbtit/pJFLUWOhpv0FpS6GQAmPrHA==

"@esbuild/linux-riscv64@0.27.4":
  version "0.27.4"
  resolved "https://registry.yarnpkg.com/@esbuild/linux-riscv64/-/linux-riscv64-0.27.4.tgz#9ad2b4c3c0502c6bada9c81997bb56c597853489"
  integrity sha512-BnASypppbUWyqjd1KIpU4AUBiIhVr6YlHx/cnPgqEkNoVOhHg+YiSVxM1RLfiy4t9cAulbRGTNCKOcqHrEQLIw==

"@esbuild/linux-s390x@0.27.4":
  version "0.27.4"
  resolved "https://registry.yarnpkg.com/@esbuild/linux-s390x/-/linux-s390x-0.27.4.tgz#c43d3cfd073042ca6f5c52bb9bc313ed2066ce28"
  integrity sha512-+eUqgb/Z7vxVLezG8bVB9SfBie89gMueS+I0xYh2tJdw3vqA/0ImZJ2ROeWwVJN59ihBeZ7Tu92dF/5dy5FttA==

"@esbuild/linux-x64@0.27.4":
  version "0.27.4"
  resolved "https://registry.yarnpkg.com/@esbuild/linux-x64/-/linux-x64-0.27.4.tgz#45fa173e0591ac74d80d3cf76704713e14e2a4a6"
  integrity sha512-S5qOXrKV8BQEzJPVxAwnryi2+Iq5pB40gTEIT69BQONqR7JH1EPIcQ/Uiv9mCnn05jff9umq/5nqzxlqTOg9NA==

"@esbuild/netbsd-arm64@0.27.4":
  version "0.27.4"
  resolved "https://registry.yarnpkg.com/@esbuild/netbsd-arm64/-/netbsd-arm64-0.27.4.tgz#366b0ef40cdb986fc751cbdad16e8c25fe1ba879"
  integrity sha512-xHT8X4sb0GS8qTqiwzHqpY00C95DPAq7nAwX35Ie/s+LO9830hrMd3oX0ZMKLvy7vsonee73x0lmcdOVXFzd6Q==

"@esbuild/netbsd-x64@0.27.4":
  version "0.27.4"
  resolved "https://registry.yarnpkg.com/@esbuild/netbsd-x64/-/netbsd-x64-0.27.4.tgz#e985d49a3668fd2044343071d52e1ae815112b3e"
  integrity sha512-RugOvOdXfdyi5Tyv40kgQnI0byv66BFgAqjdgtAKqHoZTbTF2QqfQrFwa7cHEORJf6X2ht+l9ABLMP0dnKYsgg==

"@esbuild/openbsd-arm64@0.27.4":
  version "0.27.4"
  resolved "https://registry.yarnpkg.com/@esbuild/openbsd-arm64/-/openbsd-arm64-0.27.4.tgz#6fb4ab7b73f7e5572ce5ec9cf91c13ff6dd44842"
  integrity sha512-2MyL3IAaTX+1/qP0O1SwskwcwCoOI4kV2IBX1xYnDDqthmq5ArrW94qSIKCAuRraMgPOmG0RDTA74mzYNQA9ow==

"@esbuild/openbsd-x64@0.27.4":
  version "0.27.4"
  resolved "https://registry.yarnpkg.com/@esbuild/openbsd-x64/-/openbsd-x64-0.27.4.tgz#641f052040a0d79843d68898f5791638a026d983"
  integrity sha512-u8fg/jQ5aQDfsnIV6+KwLOf1CmJnfu1ShpwqdwC0uA7ZPwFws55Ngc12vBdeUdnuWoQYx/SOQLGDcdlfXhYmXQ==

"@esbuild/openharmony-arm64@0.27.4":
  version "0.27.4"
  resolved "https://registry.yarnpkg.com/@esbuild/openharmony-arm64/-/openharmony-arm64-0.27.4.tgz#fc1d33eac9d81ae0a433b3ed1dd6171a20d4e317"
  integrity sha512-JkTZrl6VbyO8lDQO3yv26nNr2RM2yZzNrNHEsj9bm6dOwwu9OYN28CjzZkH57bh4w0I2F7IodpQvUAEd1mbWXg==

"@esbuild/sunos-x64@0.27.4":
  version "0.27.4"
  resolved "https://registry.yarnpkg.com/@esbuild/sunos-x64/-/sunos-x64-0.27.4.tgz#af2cd5ca842d6d057121f66a192d4f797de28f53"
  integrity sha512-/gOzgaewZJfeJTlsWhvUEmUG4tWEY2Spp5M20INYRg2ZKl9QPO3QEEgPeRtLjEWSW8FilRNacPOg8R1uaYkA6g==

"@esbuild/win32-arm64@0.27.4":
  version "0.27.4"
  resolved "https://registry.yarnpkg.com/@esbuild/win32-arm64/-/win32-arm64-0.27.4.tgz#78ec7e59bb06404583d4c9511e621db31c760de3"
  integrity sha512-Z9SExBg2y32smoDQdf1HRwHRt6vAHLXcxD2uGgO/v2jK7Y718Ix4ndsbNMU/+1Qiem9OiOdaqitioZwxivhXYg==

"@esbuild/win32-ia32@0.27.4":
  version "0.27.4"
  resolved "https://registry.yarnpkg.com/@esbuild/win32-ia32/-/win32-ia32-0.27.4.tgz#0e616aa488b7ee5d2592ab070ff9ec06a9fddf11"
  integrity sha512-DAyGLS0Jz5G5iixEbMHi5KdiApqHBWMGzTtMiJ72ZOLhbu/bzxgAe8Ue8CTS3n3HbIUHQz/L51yMdGMeoxXNJw==

"@esbuild/win32-x64@0.27.4":
  version "0.27.4"
  resolved "https://registry.yarnpkg.com/@esbuild/win32-x64/-/win32-x64-0.27.4.tgz#1f7ba71a3d6155d44a6faa8dbe249c62ab3e408c"
  integrity sha512-+knoa0BDoeXgkNvvV1vvbZX4+hizelrkwmGJBdT17t8FNPwG2lKemmuMZlmaNQ3ws3DKKCxpb4zRZEIp3UxFCg==

"@floating-ui/core@^1.7.5":
  version "1.7.5"
  resolved "https://registry.yarnpkg.com/@floating-ui/core/-/core-1.7.5.tgz#d4af157a03330af5a60e69da7a4692507ada0622"
  integrity sha512-1Ih4WTWyw0+lKyFMcBHGbb5U5FtuHJuujoyyr5zTaWS5EYMeT6Jb2AuDeftsCsEuchO+mM2ij5+q9crhydzLhQ==
  dependencies:
    "@floating-ui/utils" "^0.2.11"

"@floating-ui/dom@^1.7.5":
  version "1.7.6"
  resolved "https://registry.yarnpkg.com/@floating-ui/dom/-/dom-1.7.6.tgz#f915bba5abbb177e1f227cacee1b4d0634b187bf"
  integrity sha512-9gZSAI5XM36880PPMm//9dfiEngYoC6Am2izES1FF406YFsjvyBMmeJ2g4SAju3xWwtuynNRFL2s9hgxpLI5SQ==
  dependencies:
    "@floating-ui/core" "^1.7.5"
    "@floating-ui/utils" "^0.2.11"

"@floating-ui/utils@^0.2.11":
  version "0.2.11"
  resolved "https://registry.yarnpkg.com/@floating-ui/utils/-/utils-0.2.11.tgz#a269e055e40e2f45873bae9d1a2fdccbd314ea3f"
  integrity sha512-RiB/yIh78pcIxl6lLMG0CgBXAZ2Y0eVHqMPYugu+9U0AeT6YBeiJpf7lbdJNIugFP5SIjwNRgo4DhR1Qxi26Gg==

"@github/mini-throttle@^2.1.1":
  version "2.1.1"
  resolved "https://registry.yarnpkg.com/@github/mini-throttle/-/mini-throttle-2.1.1.tgz#c66db5c3b857aaf8c467de2528cd92f36f542ac5"
  integrity sha512-KtOPaB+FiKJ6jcKm9UKyaM5fPURHGf+xcp+b4Mzoi81hOc6M1sIGpMZMAVbNzfa2lW5+RPGKq888Px0j76OZ/A==

"@github/relative-time-element@^4.5.0":
  version "4.5.1"
  resolved "https://registry.yarnpkg.com/@github/relative-time-element/-/relative-time-element-4.5.1.tgz#66a9ba300b03982950d75f417f3f2ad27236bffb"
  integrity sha512-uxCxCwe9vdwUDmRmM84tN0UERlj8MosLV44+r/VDj7DZUVUSTP4vyWlE9mRK6vHelOmT8DS3RMlaMrLlg1h1PQ==

"@github/tab-container-element@^4.8.2":
  version "4.8.2"
  resolved "https://registry.yarnpkg.com/@github/tab-container-element/-/tab-container-element-4.8.2.tgz#6c28a4be3eac350c64b1f9cb7eef4eb7a7215655"
  integrity sha512-WkaM4mfs8x7dXRWEaDb5deC0OhH6sGQ5cw8i/sVw25gikl4f8C7mHj0kihL5k3eKIIqmGT1Fdswdoi+9ZLDpRA==

"@lit-labs/react@1.2.1":
  version "1.2.1"
  resolved "https://registry.yarnpkg.com/@lit-labs/react/-/react-1.2.1.tgz#5b421502cdf68a3639dec431318eeed2285f1c0e"
  integrity sha512-DiZdJYFU0tBbdQkfwwRSwYyI/mcWkg3sWesKRsHUd4G+NekTmmeq9fzsurvcKTNVa0comNljwtg4Hvi1ds3V+A==

"@lit-labs/ssr-dom-shim@^1.2.0":
  version "1.5.1"
  resolved "https://registry.yarnpkg.com/@lit-labs/ssr-dom-shim/-/ssr-dom-shim-1.5.1.tgz#3166900c0d481f03d6d4133686e0febf760d521d"
  integrity sha512-Aou5UdlSpr5whQe8AA/bZG0jMj96CoJIWbGfZ91qieWu5AWUMKw8VR/pAkQkJYvBNhmCcWnZlyyk5oze8JIqYA==

"@oddbird/css-anchor-positioning@^0.9.0":
  version "0.9.0"
  resolved "https://registry.yarnpkg.com/@oddbird/css-anchor-positioning/-/css-anchor-positioning-0.9.0.tgz#dbb76d13689b3c91740aae1b1b88bb119522d52b"
  integrity sha512-G5nfb4sU0auxJH7VHafPwVJjr1GhH5uPSkmytGqhNftCpT3QEh8pFtMd4YHt1dRwb4o9qVZxlGSKUIc4TIrysQ==
  dependencies:
    "@floating-ui/dom" "^1.7.5"
    "@types/css-tree" "^2.3.11"
    css-tree "^3.1.0"
    nanoid "^5.1.6"

"@oddbird/popover-polyfill@^0.5.2":
  version "0.5.2"
  resolved "https://registry.yarnpkg.com/@oddbird/popover-polyfill/-/popover-polyfill-0.5.2.tgz#9a142cae54b6e48824bec61e94e39541c9746b69"
  integrity sha512-iFrvar5SOMtKFOSjYvs4z9UlLqDdJbMx0mgISLcPedv+g0ac5sgeETLGtipHCVIae6HJPclNEH5aCyD1RZaEHw==

"@preact/signals-core@^1.14.0":
  version "1.14.1"
  resolved "https://registry.yarnpkg.com/@preact/signals-core/-/signals-core-1.14.1.tgz#2a5739381eca3d730519d2d447ceb8110508d0bc"
  integrity sha512-vxPpfXqrwUe9lpjqfYNjAF/0RF/eFGeLgdJzdmIIZjpOnTmGmAB4BjWone562mJGMRP4frU6iZ6ei3PDsu52Ng==

"@preact/signals-react@^3.10.0":
  version "3.10.0"
  resolved "https://registry.yarnpkg.com/@preact/signals-react/-/signals-react-3.10.0.tgz#17f5d6618afe7e5c59c6fae0bef00f31f6a2fba3"
  integrity sha512-Uxu6lidNVr9z27b/6DbCin86ekzHiJDrLXZii82aXSzvyMXYMr7l0Bab1cKbfWdbkxq13e7kS7paix3pjKBTLA==
  dependencies:
    "@preact/signals-core" "^1.14.0"
    use-sync-external-store "^1.2.0"

"@primer/behaviors@^1.10.2":
  version "1.10.2"
  resolved "https://registry.yarnpkg.com/@primer/behaviors/-/behaviors-1.10.2.tgz#a939eca8f53d3dd23a22576b6fdf766e517d6273"
  integrity sha512-93juWZbWg2DRhC11+7RT7hMpY1VD3lBosLmccqEZ65yrCHqkBCjI8Uj8wxs3y0U+wWE07LAoLHAPylyWbifg5A==

"@primer/css@^22.1.1":
  version "22.1.1"
  resolved "https://registry.yarnpkg.com/@primer/css/-/css-22.1.1.tgz#ffba4a08dc60b1b6f758186649f9ef9da7127d98"
  integrity sha512-Q3pFLrnjvU4zUODZ7l3bTibsO7t2C+iQmppXKF39HZhdVuFOBfYr1Xuad2Hh1bmUSjVjxx8xHadIZv/SJZF8kg==

"@primer/live-region-element@^0.7.1":
  version "0.7.2"
  resolved "https://registry.yarnpkg.com/@primer/live-region-element/-/live-region-element-0.7.2.tgz#7bb32da2de99b64c1e56588c7cceef7e5c4c233a"
  integrity sha512-wdxCHfcJzE1IPPjZNFR4RTwRcSWb7TN0fRdMH5HcxphLEnuZBWy0TAxk3xPA+/6lwiN3uEJ+ZWV4UF/glXh43A==
  dependencies:
    "@lit-labs/ssr-dom-shim" "^1.2.0"

"@primer/octicons-react@^19.21.0":
  version "19.23.1"
  resolved "https://registry.yarnpkg.com/@primer/octicons-react/-/octicons-react-19.23.1.tgz#0e5cf198e77c7cf70d6c01f4fa0b51d609d39e99"
  integrity sha512-Ldiu3zZ46YGKj4PawrbnbPxwKs+8+2Zz0J24bV4PPYPrqbNo9sSbd9aHtIAyWs8PaMohlsJGfxQtHMyKt7odjg==

"@primer/primitives@10.x || 11.x", "@primer/primitives@^11.6.0":
  version "11.6.0"
  resolved "https://registry.yarnpkg.com/@primer/primitives/-/primitives-11.6.0.tgz#1475c45ea54623df2514d0ab4422b58995481c31"
  integrity sha512-HiWlrszsC5KuxO3O8eciyXMT54JCLSHLJU1++/cnU9ufRVqKhzNmDtXKQwfK6JRqaIFYbBfF5Ze24wHUrY9KZA==

"@primer/react@^38.18.0":
  version "38.18.0"
  resolved "https://registry.yarnpkg.com/@primer/react/-/react-38.18.0.tgz#859dec517bc4fa7daf7d7b7b9cc8d16676a4b7ad"
  integrity sha512-MrwSJVxPNAPIG+ePPUW8kOX98Ef05GcPTu1e9T/qYWAtzPZd2reye56r5/7WcjzV1k5pldAXnMnFUa1w7coNdQ==
  dependencies:
    "@github/mini-throttle" "^2.1.1"
    "@github/relative-time-element" "^4.5.0"
    "@github/tab-container-element" "^4.8.2"
    "@lit-labs/react" "1.2.1"
    "@oddbird/css-anchor-positioning" "^0.9.0"
    "@oddbird/popover-polyfill" "^0.5.2"
    "@primer/behaviors" "^1.10.2"
    "@primer/live-region-element" "^0.7.1"
    "@primer/octicons-react" "^19.21.0"
    "@primer/primitives" "10.x || 11.x"
    "@tanstack/react-virtual" "^3.13.18"
    clsx "^2.1.1"
    color2k "^2.0.3"
    deepmerge "^4.3.1"
    focus-visible "^5.2.1"
    history "^5.0.0"
    hsluv "1.0.1"
    lodash.isempty "^4.4.0"
    lodash.isobject "^3.0.2"
    react-compiler-runtime "^1.0.0"
    react-intersection-observer "^9.16.0"

"@tanstack/react-virtual@^3.13.18":
  version "3.13.23"
  resolved "https://registry.yarnpkg.com/@tanstack/react-virtual/-/react-virtual-3.13.23.tgz#27e969396c39ee919dead847b2f513e2f3b707bf"
  integrity sha512-XnMRnHQ23piOVj2bzJqHrRrLg4r+F86fuBcwteKfbIjJrtGxb4z7tIvPVAe4B+4UVwo9G4Giuz5fmapcrnZ0OQ==
  dependencies:
    "@tanstack/virtual-core" "3.13.23"

"@tanstack/virtual-core@3.13.23":
  version "3.13.23"
  resolved "https://registry.yarnpkg.com/@tanstack/virtual-core/-/virtual-core-3.13.23.tgz#72bcaad8bbf6bd86e0d02776dc7dc968d0aba07b"
  integrity sha512-zSz2Z2HNyLjCplANTDyl3BcdQJc2k1+yyFoKhNRmCr7V7dY8o8q5m8uFTI1/Pg1kL+Hgrz6u3Xo6eFUB7l66cg==

"@types/css-tree@^2.3.11":
  version "2.3.11"
  resolved "https://registry.yarnpkg.com/@types/css-tree/-/css-tree-2.3.11.tgz#c9457a54fe8ea02d2d72ddc864c1b9c5625f10d0"
  integrity sha512-aEokibJOI77uIlqoBOkVbaQGC9zII0A+JH1kcTNKW2CwyYWD8KM6qdo+4c77wD3wZOQfJuNWAr9M4hdk+YhDIg==

clsx@^2.1.1:
  version "2.1.1"
  resolved "https://registry.yarnpkg.com/clsx/-/clsx-2.1.1.tgz#eed397c9fd8bd882bfb18deab7102049a2f32999"
  integrity sha512-eYm0QWBtUrBWZWG0d386OGAw16Z995PiOVo2B7bjWSbHedGl5e0ZWaq65kOGgUSNesEIDkB9ISbTg/JK9dhCZA==

color2k@^2.0.3:
  version "2.0.3"
  resolved "https://registry.yarnpkg.com/color2k/-/color2k-2.0.3.tgz#a771244f6b6285541c82aa65ff0a0c624046e533"
  integrity sha512-zW190nQTIoXcGCaU08DvVNFTmQhUpnJfVuAKfWqUQkflXKpaDdpaYoM0iluLS9lgJNHyBF58KKA2FBEwkD7wog==

css-tree@^3.1.0:
  version "3.2.1"
  resolved "https://registry.yarnpkg.com/css-tree/-/css-tree-3.2.1.tgz#86cac7011561272b30e6b1e042ba6ce047aa7518"
  integrity sha512-X7sjQzceUhu1u7Y/ylrRZFU2FS6LRiFVp6rKLPg23y3x3c3DOKAwuXGDp+PAGjh6CSnCjYeAul8pcT8bAl+lSA==
  dependencies:
    mdn-data "2.27.1"
    source-map-js "^1.2.1"

csv-parse@^6.2.1:
  version "6.2.1"
  resolved "https://registry.yarnpkg.com/csv-parse/-/csv-parse-6.2.1.tgz#325c5adb126b1ad07fa68077c3dc739ccfc12cf5"
  integrity sha512-LRLMV+UCyfMokp8Wb411duBf1gaBKJfOfBWU9eHMJ+b+cJYZsNu3AFmjJf3+yPGd59Exz1TsMjaSFyxnYB9+IQ==

deepmerge@^4.3.1:
  version "4.3.1"
  resolved "https://registry.yarnpkg.com/deepmerge/-/deepmerge-4.3.1.tgz#44b5f2147cd3b00d4b56137685966f26fd25dd4a"
  integrity sha512-3sUqbMEc77XqpdNO7FRyRog+eW3ph+GYCbj+rK+uYyRMuwsVy0rMiVtPn+QJlKFvWP/1PYpapqYn0Me2knFn+A==

esbuild-plugin-license@^1.2.3:
  version "1.2.3"
  resolved "https://registry.yarnpkg.com/esbuild-plugin-license/-/esbuild-plugin-license-1.2.3.tgz#4fde9b0ce257516e3fcec459f401d9e8df19554d"
  integrity sha512-/ovWsIFHYIRqapsPCojMRHFppCgU3jFTVSu9r6MjpUArCWukL64+NwYJkX28ZXzYtw/cOYkGmbC3EhX0qwnn9w==

esbuild@^0.27.4:
  version "0.27.4"
  resolved "https://registry.yarnpkg.com/esbuild/-/esbuild-0.27.4.tgz#b9591dd7e0ab803a11c9c3b602850403bef22f00"
  integrity sha512-Rq4vbHnYkK5fws5NF7MYTU68FPRE1ajX7heQ/8QXXWqNgqqJ/GkmmyxIzUnf2Sr/bakf8l54716CcMGHYhMrrQ==
  optionalDependencies:
    "@esbuild/aix-ppc64" "0.27.4"
    "@esbuild/android-arm" "0.27.4"
    "@esbuild/android-arm64" "0.27.4"
    "@esbuild/android-x64" "0.27.4"
    "@esbuild/darwin-arm64" "0.27.4"
    "@esbuild/darwin-x64" "0.27.4"
    "@esbuild/freebsd-arm64" "0.27.4"
    "@esbuild/freebsd-x64" "0.27.4"
    "@esbuild/linux-arm" "0.27.4"
    "@esbuild/linux-arm64" "0.27.4"
    "@esbuild/linux-ia32" "0.27.4"
    "@esbuild/linux-loong64" "0.27.4"
    "@esbuild/linux-mips64el" "0.27.4"
    "@esbuild/linux-ppc64" "0.27.4"
    "@esbuild/linux-riscv64" "0.27.4"
    "@esbuild/linux-s390x" "0.27.4"
    "@esbuild/linux-x64" "0.27.4"
    "@esbuild/netbsd-arm64" "0.27.4"
    "@esbuild/netbsd-x64" "0.27.4"
    "@esbuild/openbsd-arm64" "0.27.4"
    "@esbuild/openbsd-x64" "0.27.4"
    "@esbuild/openharmony-arm64" "0.27.4"
    "@esbuild/sunos-x64" "0.27.4"
    "@esbuild/win32-arm64" "0.27.4"
    "@esbuild/win32-ia32" "0.27.4"
    "@esbuild/win32-x64" "0.27.4"

focus-visible@^5.2.1:
  version "5.2.1"
  resolved "https://registry.yarnpkg.com/focus-visible/-/focus-visible-5.2.1.tgz#38615e8be4d4df7819a0d9d92cdee4fda183ac96"
  integrity sha512-8Bx950VD1bWTQJEH/AM6SpEk+SU55aVnp4Ujhuuxy3eMEBCRwBnTBnVXr9YAPvZL3/CNjCa8u4IWfNmEO53whA==

history@^5.0.0:
  version "5.3.0"
  resolved "https://registry.yarnpkg.com/history/-/history-5.3.0.tgz#1548abaa245ba47992f063a0783db91ef201c73b"
  integrity sha512-ZqaKwjjrAYUYfLG+htGaIIZ4nioX2L70ZUMIFysS3xvBsSG4x/n1V6TXV3N8ZYNuFGlDirFg32T7B6WOUPDYcQ==
  dependencies:
    "@babel/runtime" "^7.7.6"

hsluv@1.0.1:
  version "1.0.1"
  resolved "https://registry.yarnpkg.com/hsluv/-/hsluv-1.0.1.tgz#8f957afd3f928d2de7f7569db7687f811bb2baed"
  integrity sha512-zCaFTiDqBLQjCCFBu0qg7z9ASYPd+Bxx2GDCVZJsnehjK80S+jByqhuFz0pCd2Aw3FSKr18AWbRlwnKR0YdizQ==

lodash.isempty@^4.4.0:
  version "4.4.0"
  resolved "https://registry.yarnpkg.com/lodash.isempty/-/lodash.isempty-4.4.0.tgz#6f86cbedd8be4ec987be9aaf33c9684db1b31e7e"
  integrity sha512-oKMuF3xEeqDltrGMfDxAPGIVMSSRv8tbRSODbrs4KGsRRLEhrW8N8Rd4DRgB2+621hY8A8XwwrTVhXWpxFvMzg==

lodash.isobject@^3.0.2:
  version "3.0.2"
  resolved "https://registry.yarnpkg.com/lodash.isobject/-/lodash.isobject-3.0.2.tgz#3c8fb8d5b5bf4bf90ae06e14f2a530a4ed935e1d"
  integrity sha512-3/Qptq2vr7WeJbB4KHUSKlq8Pl7ASXi3UG6CMbBm8WRtXi8+GHm7mKaU3urfpSEzWe2wCIChs6/sdocUsTKJiA==

mdn-data@2.27.1:
  version "2.27.1"
  resolved "https://registry.yarnpkg.com/mdn-data/-/mdn-data-2.27.1.tgz#e37b9c50880b75366c4d40ac63d9bbcacdb61f0e"
  integrity sha512-9Yubnt3e8A0OKwxYSXyhLymGW4sCufcLG6VdiDdUGVkPhpqLxlvP5vl1983gQjJl3tqbrM731mjaZaP68AgosQ==

nanoid@^5.1.6:
  version "5.1.7"
  resolved "https://registry.yarnpkg.com/nanoid/-/nanoid-5.1.7.tgz#a9f09a4ce73ba0b88830af36ee49666bad7827b6"
  integrity sha512-ua3NDgISf6jdwezAheMOk4mbE1LXjm1DfMUDMuJf4AqxLFK3ccGpgWizwa5YV7Yz9EpXwEaWoRXSb/BnV0t5dQ==

preact@^10.29.1:
  version "10.29.1"
  resolved "https://registry.yarnpkg.com/preact/-/preact-10.29.1.tgz#2a5b936efe91cfe1e773cdb55dceb55d148d1d4b"
  integrity sha512-gQCLc/vWroE8lIpleXtdJhTFDogTdZG9AjMUpVkDf2iTCNwYNWA+u16dL41TqUDJO4gm2IgrcMv3uTpjd4Pwmg==

react-compiler-runtime@^1.0.0:
  version "1.0.0"
  resolved "https://registry.yarnpkg.com/react-compiler-runtime/-/react-compiler-runtime-1.0.0.tgz#ee565c2cd3437a41e7fc31d8ab6c662f6b568fc0"
  integrity sha512-rRfjYv66HlG8896yPUDONgKzG5BxZD1nV9U6rkm+7VCuvQc903C4MjcoZR4zPw53IKSOX9wMQVpA1IAbRtzQ7w==

"react-dom@npm:@preact/compat":
  version "18.3.2"
  resolved "https://registry.yarnpkg.com/@preact/compat/-/compat-18.3.2.tgz#4327e565260a71bddc51db5f6a05cc9fdb28a6e2"
  integrity sha512-5vSl55K5yLMvocT7PBKxDOHGgYPjMrKQqqr6roSNjIXcJOtSgDDMjpiCAF3s7klRdmGrN75b/Przmjw8gmlg/w==

react-intersection-observer@^9.16.0:
  version "9.16.0"
  resolved "https://registry.yarnpkg.com/react-intersection-observer/-/react-intersection-observer-9.16.0.tgz#7376d54edc47293300961010844d53b273ee0fb9"
  integrity sha512-w9nJSEp+DrW9KmQmeWHQyfaP6b03v+TdXynaoA964Wxt7mdR3An11z4NNCQgL4gKSK7y1ver2Fq+JKH6CWEzUA==

react-is@^19.2.4:
  version "19.2.4"
  resolved "https://registry.yarnpkg.com/react-is/-/react-is-19.2.4.tgz#a080758243c572ccd4a63386537654298c99d135"
  integrity sha512-W+EWGn2v0ApPKgKKCy/7s7WHXkboGcsrXE+2joLyVxkbyVQfO3MUEaUQDHoSmb8TFFrSKYa9mw64WZHNHSDzYA==

"react@npm:@preact/compat":
  version "18.3.2"
  resolved "https://registry.yarnpkg.com/@preact/compat/-/compat-18.3.2.tgz#4327e565260a71bddc51db5f6a05cc9fdb28a6e2"
  integrity sha512-5vSl55K5yLMvocT7PBKxDOHGgYPjMrKQqqr6roSNjIXcJOtSgDDMjpiCAF3s7klRdmGrN75b/Przmjw8gmlg/w==

readline-sync@1.4.9:
  version "1.4.9"
  resolved "https://registry.yarnpkg.com/readline-sync/-/readline-sync-1.4.9.tgz#3eda8e65f23cd2a17e61301b1f0003396af5ecda"
  integrity sha512-mp5h1N39kuKbCRGebLPIKTBOhuDw55GaNg5S+K9TW9uDAS1wIHpGUc2YokdUMZJb8GqS49sWmWEDijaESYh0Hg==

source-map-js@^1.2.1:
  version "1.2.1"
  resolved "https://registry.yarnpkg.com/source-map-js/-/source-map-js-1.2.1.tgz#1ce5650fddd87abc099eda37dcff024c2667ae46"
  integrity sha512-UXWMKhLOwVKb728IUtQPXxfYU+usdybtUrK/8uGE8CQMvrhOpwvzDBwj0QhSL7MQc7vIsISBG8VQ8+IDQxpfQA==

tau-prolog@^0.3.4:
  version "0.3.4"
  resolved "https://registry.yarnpkg.com/tau-prolog/-/tau-prolog-0.3.4.tgz#74be37aa3927ea99aba7cf9bad113e5889d909da"
  integrity sha512-CEEa6C3IRPGN5GuXptBjLWOrF2x7aE06CP/p54oXJciBBfokkPom30uRNhKgbBAz1+AeuM1KtK2JMa0R3u+pRA==
  dependencies:
    readline-sync "1.4.9"

use-sync-external-store@^1.2.0:
  version "1.6.0"
  resolved "https://registry.yarnpkg.com/use-sync-external-store/-/use-sync-external-store-1.6.0.tgz#b174bfa65cb2b526732d9f2ac0a408027876f32d"
  integrity sha512-Pp6GSwGP/NrPIrxVFAIkOQeyw8lFenOHijQWkUTrDvrF4ALqylP2C/KCkeS9dpUM3KvYRQhna5vt7IL95+ZQ9w==
